
Microsoft Visual Studio Solution File, Format Version 11.00
# Visual Studio 2010
Project("{FAE04EC0-301F-11D3-BF4B-00C04F79EFBC}") = "MOTHER3SpriteEditor", "MOTHER3SpriteEditor\MOTHER3SpriteEditor.csproj", "{9896B400-A723-4B99-9D8B-A2B6560D29C0}"
EndProject
Global
	GlobalSection(SolutionConfigurationPlatforms) = preSolution
		Debug|Any CPU = Debug|Any CPU
		Release|Any CPU = Release|Any CPU
	EndGlobalSection
	GlobalSection(ProjectConfigurationPlatforms) = postSolution
		{9896B400-A723-4B99-9D8B-A2B6560D29C0}.Debug|Any CPU.ActiveCfg = Debug|Any CPU
		{9896B400-A723-4B99-9D8B-A2B6560D29C0}.Debug|Any CPU.Build.0 = Debug|Any CPU
		{9896B400-A723-4B99-9D8B-A2B6560D29C0}.Release|Any CPU.ActiveCfg = Release|Any CPU
		{9896B400-A723-4B99-9D8B-A2B6560D29C0}.Release|Any CPU.Build.0 = Release|Any CPU
	EndGlobalSection
	GlobalSection(SolutionProperties) = preSolution
		HideSolutionNode = FALSE
	EndGlobalSection
EndGlobal
